
Microsoft Visual Studio Solution File, Format Version 12.00
# Visual Studio Version 17
VisualStudioVersion = 17.0.32014.148
MinimumVisualStudioVersion = 10.0.40219.1
Project("{FAE04EC0-301F-11D3-BF4B-00C04F79EFBC}") = "Task27", "Task27\Task27.csproj", "{71C219E8-AB1A-4D98-9AB8-9DFB18D0A4FB}"
EndProject
Global
	GlobalSection(SolutionConfigurationPlatforms) = preSolution
		Debug|Any CPU = Debug|Any CPU
		Release|Any CPU = Release|Any CPU
	EndGlobalSection
	GlobalSection(ProjectConfigurationPlatforms) = postSolution
		{71C219E8-AB1A-4D98-9AB8-9DFB18D0A4FB}.Debug|Any CPU.ActiveCfg = Debug|Any CPU
		{71C219E8-AB1A-4D98-9AB8-9DFB18D0A4FB}.Debug|Any CPU.Build.0 = Debug|Any CPU
		{71C219E8-AB1A-4D98-9AB8-9DFB18D0A4FB}.Release|Any CPU.ActiveCfg = Release|Any CPU
		{71C219E8-AB1A-4D98-9AB8-9DFB18D0A4FB}.Release|Any CPU.Build.0 = Release|Any CPU
	EndGlobalSection
	GlobalSection(SolutionProperties) = preSolution
		HideSolutionNode = FALSE
	EndGlobalSection
	GlobalSection(ExtensibilityGlobals) = postSolution
		SolutionGuid = {F714770F-BCBA-4F5C-9B9A-45CF44365D0A}
	EndGlobalSection
EndGlobal
